<?xml version="1.0" encoding="utf-8"?>
<Project ToolsVersion="4.0" xmlns="http://schemas.microsoft.com/developer/msbuild/2003">
  <ItemGroup>
    <Filter Include="Core">
      <UniqueIdentifier>{9494f307-c1ec-49c3-b3a2-e8bd3267d84e}</UniqueIdentifier>
    </Filter>
    <Filter Include="Core\Window">
      <UniqueIdentifier>{a3d208ce-c616-4e32-9d2d-f8e8825c59cf}</UniqueIdentifier>
    </Filter>
    <Filter Include="include">
      <UniqueIdentifier>{1d2eb2cb-c2cc-41b4-af6d-395b05f55a04}</UniqueIdentifier>
    </Filter>
    <Filter Include="Component">
      <UniqueIdentifier>{473dfab2-3e7d-432d-8e69-65aa99f48c29}</UniqueIdentifier>
    </Filter>
    <Filter Include="Core\GPU">
      <UniqueIdentifier>{271e5bd2-7cb3-40b7-b2e5-5e343c58f910}</UniqueIdentifier>
    </Filter>
    <Filter Include="Core\Managers">
      <UniqueIdentifier>{2940a1fd-9fef-46a7-93fb-a8241118d00a}</UniqueIdentifier>
    </Filter>
    <Filter Include="GameEngine">
      <UniqueIdentifier>{73852abe-e315-427a-8c22-df5b4418da42}</UniqueIdentifier>
    </Filter>
    <Filter Include="GameEngine\Components">
      <UniqueIdentifier>{215cbf46-ce0f-4f25-8a12-7c3516db8300}</UniqueIdentifier>
    </Filter>
    <Filter Include="GameEngine\Components\GameObject">
      <UniqueIdentifier>{e0676c41-cd1d-4e87-b2a0-e784b79e2f44}</UniqueIdentifier>
    </Filter>
    <Filter Include="GameEngine\Components\BaseComponents">
      <UniqueIdentifier>{aa6e098a-5a91-4025-9d1c-85692d5ccb79}</UniqueIdentifier>
    </Filter>
    <Filter Include="GameEngine\Utils">
      <UniqueIdentifier>{6358cd39-96f4-4a1c-bb08-b29622ab5c3e}</UniqueIdentifier>
    </Filter>
    <Filter Include="GameEngine\Shaders">
      <UniqueIdentifier>{d0e4d861-8dd6-4cfe-8cfe-90a563b68c26}</UniqueIdentifier>
    </Filter>
    <Filter Include="GameEngine\Components\AnimObject">
      <UniqueIdentifier>{c66fc83f-48da-4554-9277-9641f413562a}</UniqueIdentifier>
    </Filter>
    <Filter Include="GameEngine\Components\Renderers">
      <UniqueIdentifier>{350007ae-319f-425f-954c-8c56b61bc879}</UniqueIdentifier>
    </Filter>
    <Filter Include="GameEngine\Components\PhysicsComponents">
      <UniqueIdentifier>{13cc7fdf-82f8-49c5-b054-ab53f6f86105}</UniqueIdentifier>
    </Filter>
    <Filter Include="GameEngine\ImGUI">
      <UniqueIdentifier>{c2e22969-1d43-412a-aa62-1562a8a3a933}</UniqueIdentifier>
    </Filter>
  </ItemGroup>
  <ItemGroup>
    <ClCompile Include="..\Source\Core\Engine.cpp">
      <Filter>Core</Filter>
    </ClCompile>
    <ClCompile Include="..\Source\Core\World.cpp">
      <Filter>Core</Filter>
    </ClCompile>
    <ClCompile Include="..\Source\include\gl.cpp">
      <Filter>include</Filter>
    </ClCompile>
    <ClCompile Include="..\Source\Core\Window\WindowObject.cpp">
      <Filter>Core\Window</Filter>
    </ClCompile>
    <ClCompile Include="..\Source\Core\GPU\Shader.cpp">
      <Filter>Core\GPU</Filter>
    </ClCompile>
    <ClCompile Include="..\Source\Main.cpp" />
    <ClCompile Include="..\Source\Core\Window\WindowCallbacks.cpp">
      <Filter>Core\Window</Filter>
    </ClCompile>
    <ClCompile Include="..\Source\Core\GPU\Mesh.cpp">
      <Filter>Core\GPU</Filter>
    </ClCompile>
    <ClCompile Include="..\Source\Core\GPU\Texture2D.cpp">
      <Filter>Core\GPU</Filter>
    </ClCompile>
    <ClCompile Include="..\Source\Core\Managers\TextureManager.cpp">
      <Filter>Core\Managers</Filter>
    </ClCompile>
    <ClCompile Include="..\Source\Component\CameraInput.cpp">
      <Filter>Component</Filter>
    </ClCompile>
    <ClCompile Include="..\Source\Core\Window\InputController.cpp">
      <Filter>Core\Window</Filter>
    </ClCompile>
    <ClCompile Include="..\Source\Component\SimpleScene.cpp">
      <Filter>Component</Filter>
    </ClCompile>
    <ClCompile Include="..\Source\Core\GPU\GPUBuffers.cpp">
      <Filter>Core\GPU</Filter>
    </ClCompile>
    <ClCompile Include="..\Source\Component\SceneInput.cpp">
      <Filter>Component</Filter>
    </ClCompile>
    <ClCompile Include="..\Source\Core\GPU\FrameBuffer.cpp">
      <Filter>Core\GPU</Filter>
    </ClCompile>
    <ClCompile Include="..\Source\GameEngine\GameEngine.cpp">
      <Filter>GameEngine</Filter>
    </ClCompile>
    <ClCompile Include="..\Source\GameEngine\Components\BaseComponents\ComponentFactory.cpp">
      <Filter>GameEngine\Components\BaseComponents</Filter>
    </ClCompile>
    <ClCompile Include="..\Source\GameEngine\Components\GameObject\GameObject.cpp">
      <Filter>GameEngine\Components\GameObject</Filter>
    </ClCompile>
    <ClCompile Include="..\Source\GameEngine\EngineManager.cpp">
      <Filter>GameEngine</Filter>
    </ClCompile>
    <ClCompile Include="..\Source\GameEngine\Components\AnimObject\AnimObject.cpp">
      <Filter>GameEngine\Components\AnimObject</Filter>
    </ClCompile>
    <ClCompile Include="..\Source\GameEngine\Components\BaseComponents\GraphicsComponent.cpp">
      <Filter>GameEngine\Components\BaseComponents</Filter>
    </ClCompile>
    <ClCompile Include="..\Source\GameEngine\Components\Renderers\DefaultRenderer.cpp">
      <Filter>GameEngine\Components\Renderers</Filter>
    </ClCompile>
    <ClCompile Include="..\Source\GameEngine\Components\BaseComponents\BaseGameObject.cpp">
      <Filter>GameEngine\Components\BaseComponents</Filter>
    </ClCompile>
    <ClCompile Include="..\Source\GameEngine\Components\Renderers\Bone.cpp">
      <Filter>GameEngine\Components\Renderers</Filter>
    </ClCompile>
    <ClCompile Include="..\Source\GameEngine\Components\Renderers\Model.cpp">
      <Filter>GameEngine\Components\Renderers</Filter>
    </ClCompile>
    <ClCompile Include="..\Source\GameEngine\Components\Renderers\Animation.cpp">
      <Filter>GameEngine\Components\Renderers</Filter>
    </ClCompile>
    <ClCompile Include="..\Source\GameEngine\Components\Renderers\AnimationRenderer.cpp">
      <Filter>GameEngine\Components\Renderers</Filter>
    </ClCompile>
    <ClCompile Include="..\Source\GameEngine\Components\GameObject\GameObjectPhysicsComponent.cpp">
      <Filter>GameEngine\Components\PhysicsComponents</Filter>
    </ClCompile>
    <ClCompile Include="..\Source\GameEngine\Components\PhysicsComponents\AnimObjectPhysicsComponent.cpp">
      <Filter>GameEngine\Components\PhysicsComponents</Filter>
    </ClCompile>
    <ClCompile Include="..\Source\GameEngine\ImGUI\imgui_demo.cpp">
      <Filter>GameEngine\ImGUI</Filter>
    </ClCompile>
    <ClCompile Include="..\Source\GameEngine\ImGUI\imgui_draw.cpp">
      <Filter>GameEngine\ImGUI</Filter>
    </ClCompile>
    <ClCompile Include="..\Source\GameEngine\ImGUI\imgui_impl_glfw.cpp">
      <Filter>GameEngine\ImGUI</Filter>
    </ClCompile>
    <ClCompile Include="..\Source\GameEngine\ImGUI\imgui_impl_opengl3.cpp">
      <Filter>GameEngine\ImGUI</Filter>
    </ClCompile>
    <ClCompile Include="..\Source\GameEngine\ImGUI\imgui_widgets.cpp">
      <Filter>GameEngine\ImGUI</Filter>
    </ClCompile>
    <ClCompile Include="..\Source\GameEngine\ImGUI\imgui.cpp">
      <Filter>GameEngine\ImGUI</Filter>
    </ClCompile>
  </ItemGroup>
  <ItemGroup>
    <ClInclude Include="..\Source\Core\World.h">
      <Filter>Core</Filter>
    </ClInclude>
    <ClInclude Include="..\Source\Core\Engine.h">
      <Filter>Core</Filter>
    </ClInclude>
    <ClInclude Include="..\Source\include\gl.h">
      <Filter>include</Filter>
    </ClInclude>
    <ClInclude Include="..\Source\include\glm.h">
      <Filter>include</Filter>
    </ClInclude>
    <ClInclude Include="..\Source\include\math.h">
      <Filter>include</Filter>
    </ClInclude>
    <ClInclude Include="..\Source\include\utils.h">
      <Filter>include</Filter>
    </ClInclude>
    <ClInclude Include="..\Source\Core\Window\WindowObject.h">
      <Filter>Core\Window</Filter>
    </ClInclude>
    <ClInclude Include="..\Source\Core\GPU\Shader.h">
      <Filter>Core\GPU</Filter>
    </ClInclude>
    <ClInclude Include="..\Source\Core\Window\WindowCallbacks.h">
      <Filter>Core\Window</Filter>
    </ClInclude>
    <ClInclude Include="..\Source\Core\GPU\Mesh.h">
      <Filter>Core\GPU</Filter>
    </ClInclude>
    <ClInclude Include="..\Source\Core\GPU\Texture2D.h">
      <Filter>Core\GPU</Filter>
    </ClInclude>
    <ClInclude Include="..\Source\Core\Managers\ResourcePath.h">
      <Filter>Core\Managers</Filter>
    </ClInclude>
    <ClInclude Include="..\Source\Core\Managers\TextureManager.h">
      <Filter>Core\Managers</Filter>
    </ClInclude>
    <ClInclude Include="..\Source\Component\CameraInput.h">
      <Filter>Component</Filter>
    </ClInclude>
    <ClInclude Include="..\Source\Core\Window\InputController.h">
      <Filter>Core\Window</Filter>
    </ClInclude>
    <ClInclude Include="..\Source\Component\SimpleScene.h">
      <Filter>Component</Filter>
    </ClInclude>
    <ClInclude Include="..\Source\Core\GPU\GPUBuffers.h">
      <Filter>Core\GPU</Filter>
    </ClInclude>
    <ClInclude Include="..\Source\Component\SceneInput.h">
      <Filter>Component</Filter>
    </ClInclude>
    <ClInclude Include="..\Source\Core\GPU\SSBO.h">
      <Filter>Core\GPU</Filter>
    </ClInclude>
    <ClInclude Include="..\Source\Core\GPU\FrameBuffer.h">
      <Filter>Core\GPU</Filter>
    </ClInclude>
    <ClInclude Include="..\Source\Core\GPU\ParticleEffect.h">
      <Filter>Core\GPU</Filter>
    </ClInclude>
    <ClInclude Include="..\Source\GameEngine\Components\GameObject\GameObject.h">
      <Filter>GameEngine\Components\GameObject</Filter>
    </ClInclude>
    <ClInclude Include="..\Source\GameEngine\Components\BaseComponents\GraphicsComponent.h">
      <Filter>GameEngine\Components\BaseComponents</Filter>
    </ClInclude>
    <ClInclude Include="..\Source\GameEngine\Components\BaseComponents\PhysicsComponent.h">
      <Filter>GameEngine\Components\BaseComponents</Filter>
    </ClInclude>
    <ClInclude Include="..\Source\GameEngine\GameEngine.h">
      <Filter>GameEngine</Filter>
    </ClInclude>
    <ClInclude Include="..\Source\GameEngine\IncludeList.h">
      <Filter>GameEngine</Filter>
    </ClInclude>
    <ClInclude Include="..\Source\GameEngine\Components\BaseComponents\ComponentFactory.h">
      <Filter>GameEngine\Components\BaseComponents</Filter>
    </ClInclude>
    <ClInclude Include="..\Source\GameEngine\Components\ComponentsIncludeList.h">
      <Filter>GameEngine\Components</Filter>
    </ClInclude>
    <ClInclude Include="..\Source\GameEngine\Components\BaseComponents\BaseGameObject.h">
      <Filter>GameEngine\Components\BaseComponents</Filter>
    </ClInclude>
    <ClInclude Include="..\Source\GameEngine\Utils\Transform.h">
      <Filter>GameEngine\Utils</Filter>
    </ClInclude>
    <ClInclude Include="..\Source\GameEngine\Components\BaseComponents\Component.h">
      <Filter>GameEngine\Components\BaseComponents</Filter>
    </ClInclude>
    <ClInclude Include="..\Source\GameEngine\EngineManager.h">
      <Filter>GameEngine</Filter>
    </ClInclude>
    <ClInclude Include="..\Source\GameEngine\Utils\AnimationInfo.h">
      <Filter>GameEngine\Utils</Filter>
    </ClInclude>
    <ClInclude Include="..\Source\GameEngine\Components\AnimObject\AnimObject.h">
      <Filter>GameEngine\Components\AnimObject</Filter>
    </ClInclude>
    <ClInclude Include="..\Source\GameEngine\Components\Renderers\DefaultRenderer.h">
      <Filter>GameEngine\Components\Renderers</Filter>
    </ClInclude>
    <ClInclude Include="..\Source\GameEngine\Components\Renderers\Bone.h">
      <Filter>GameEngine\Components\Renderers</Filter>
    </ClInclude>
    <ClInclude Include="..\Source\GameEngine\Components\Renderers\Model.h">
      <Filter>GameEngine\Components\Renderers</Filter>
    </ClInclude>
    <ClInclude Include="..\Source\GameEngine\Components\Renderers\Animation.h">
      <Filter>GameEngine\Components\Renderers</Filter>
    </ClInclude>
    <ClInclude Include="..\Source\GameEngine\Components\Renderers\AnimationRenderer.h">
      <Filter>GameEngine\Components\Renderers</Filter>
    </ClInclude>
    <ClInclude Include="..\Source\GameEngine\Components\GameObject\GameObjectPhysicsComponent.h">
      <Filter>GameEngine\Components\PhysicsComponents</Filter>
    </ClInclude>
    <ClInclude Include="..\Source\GameEngine\Components\PhysicsComponents\AnimObjectPhysicsComponent.h">
      <Filter>GameEngine\Components\PhysicsComponents</Filter>
    </ClInclude>
    <ClInclude Include="..\Source\GameEngine\ImGUI\imgui_impl_glfw.h">
      <Filter>GameEngine\ImGUI</Filter>
    </ClInclude>
    <ClInclude Include="..\Source\GameEngine\ImGUI\imgui_impl_opengl3.h">
      <Filter>GameEngine\ImGUI</Filter>
    </ClInclude>
    <ClInclude Include="..\Source\GameEngine\ImGUI\imgui_internal.h">
      <Filter>GameEngine\ImGUI</Filter>
    </ClInclude>
    <ClInclude Include="..\Source\GameEngine\ImGUI\imstb_rectpack.h">
      <Filter>GameEngine\ImGUI</Filter>
    </ClInclude>
    <ClInclude Include="..\Source\GameEngine\ImGUI\imstb_textedit.h">
      <Filter>GameEngine\ImGUI</Filter>
    </ClInclude>
    <ClInclude Include="..\Source\GameEngine\ImGUI\imstb_truetype.h">
      <Filter>GameEngine\ImGUI</Filter>
    </ClInclude>
    <ClInclude Include="..\Source\GameEngine\ImGUI\imconfig.h">
      <Filter>GameEngine\ImGUI</Filter>
    </ClInclude>
    <ClInclude Include="..\Source\GameEngine\ImGUI\imgui.h">
      <Filter>GameEngine\ImGUI</Filter>
    </ClInclude>
  </ItemGroup>
  <ItemGroup>
    <None Include="..\Source\GameEngine\Shaders\FragmentShaderDefault.glsl">
      <Filter>GameEngine\Shaders</Filter>
    </None>
    <None Include="..\Source\GameEngine\Shaders\VertexShaderAnim.glsl">
      <Filter>GameEngine\Shaders</Filter>
    </None>
    <None Include="..\Source\GameEngine\Shaders\VertexShaderDefault.glsl">
      <Filter>GameEngine\Shaders</Filter>
    </None>
    <None Include="..\Source\GameEngine\Shaders\FragmentShaderAnim.glsl">
      <Filter>GameEngine\Shaders</Filter>
    </None>
  </ItemGroup>
  <ItemGroup>
    <Text Include="..\Source\GameEngine\ImGUI\LICENSE.txt">
      <Filter>GameEngine\ImGUI</Filter>
    </Text>
  </ItemGroup>
</Project>