<?xml version="1.0" encoding="utf-8"?>
<Project ToolsVersion="4.0" xmlns="http://schemas.microsoft.com/developer/msbuild/2003">
  <ItemGroup>
    <Filter Include="Core">
      <UniqueIdentifier>{9494f307-c1ec-49c3-b3a2-e8bd3267d84e}</UniqueIdentifier>
    </Filter>
    <Filter Include="Core\Window">
      <UniqueIdentifier>{a3d208ce-c616-4e32-9d2d-f8e8825c59cf}</UniqueIdentifier>
    </Filter>
    <Filter Include="include">
      <UniqueIdentifier>{1d2eb2cb-c2cc-41b4-af6d-395b05f55a04}</UniqueIdentifier>
    </Filter>
    <Filter Include="Component">
      <UniqueIdentifier>{473dfab2-3e7d-432d-8e69-65aa99f48c29}</UniqueIdentifier>
    </Filter>
    <Filter Include="Core\GPU">
      <UniqueIdentifier>{271e5bd2-7cb3-40b7-b2e5-5e343c58f910}</UniqueIdentifier>
    </Filter>
    <Filter Include="Core\Managers">
      <UniqueIdentifier>{2940a1fd-9fef-46a7-93fb-a8241118d00a}</UniqueIdentifier>
    </Filter>
    <Filter Include="GameEngine">
      <UniqueIdentifier>{73852abe-e315-427a-8c22-df5b4418da42}</UniqueIdentifier>
    </Filter>
    <Filter Include="GameEngine\Components">
      <UniqueIdentifier>{215cbf46-ce0f-4f25-8a12-7c3516db8300}</UniqueIdentifier>
    </Filter>
    <Filter Include="GameEngine\Components\GameObject">
      <UniqueIdentifier>{e0676c41-cd1d-4e87-b2a0-e784b79e2f44}</UniqueIdentifier>
    </Filter>
    <Filter Include="GameEngine\Components\BaseComponents">
      <UniqueIdentifier>{aa6e098a-5a91-4025-9d1c-85692d5ccb79}</UniqueIdentifier>
    </Filter>
    <Filter Include="GameEngine\Utils">
      <UniqueIdentifier>{6358cd39-96f4-4a1c-bb08-b29622ab5c3e}</UniqueIdentifier>
    </Filter>
    <Filter Include="GameEngine\Shaders">
      <UniqueIdentifier>{d0e4d861-8dd6-4cfe-8cfe-90a563b68c26}</UniqueIdentifier>
    </Filter>
    <Filter Include="GameEngine\Components\AnimObject">
      <UniqueIdentifier>{c66fc83f-48da-4554-9277-9641f413562a}</UniqueIdentifier>
    </Filter>
    <Filter Include="GameEngine\Components\Renderers">
      <UniqueIdentifier>{350007ae-319f-425f-954c-8c56b61bc879}</UniqueIdentifier>
    </Filter>
    <Filter Include="GameEngine\ImGUI">
      <UniqueIdentifier>{c2e22969-1d43-412a-aa62-1562a8a3a933}</UniqueIdentifier>
    </Filter>
    <Filter Include="GameEngine\RenderPasses">
      <UniqueIdentifier>{20b4fdcd-f2f0-41f6-83fb-1e6cf699853e}</UniqueIdentifier>
    </Filter>
    <Filter Include="GameEngine\SceneRenderers">
      <UniqueIdentifier>{c97702e2-a1a1-4f7d-8d40-a9d0e652415f}</UniqueIdentifier>
    </Filter>
    <Filter Include="GameEngine\Physics">
      <UniqueIdentifier>{a2ab0e22-f8b4-485b-a93c-dd642fbfda8f}</UniqueIdentifier>
    </Filter>
    <Filter Include="GameEngine\Components\Arrow">
      <UniqueIdentifier>{00b2d9bc-8f6d-4a26-877b-f7ed960284cf}</UniqueIdentifier>
    </Filter>
    <Filter Include="GameEngine\MapGenerator">
      <UniqueIdentifier>{3ecc8067-c398-4204-ac8b-1279cc83ff6e}</UniqueIdentifier>
    </Filter>
    <Filter Include="GameEngine\Utils\Delaunay">
      <UniqueIdentifier>{47925f32-1f84-476b-8949-735930aaada3}</UniqueIdentifier>
    </Filter>
    <Filter Include="GameEngine\Components\Renderers\GameRenderers">
      <UniqueIdentifier>{4df3a047-9262-446a-8b79-4bd03bace5b8}</UniqueIdentifier>
    </Filter>
    <Filter Include="GameEngine\Components\NPC">
      <UniqueIdentifier>{2235cef1-83e8-421a-b98c-0db91d162c91}</UniqueIdentifier>
    </Filter>
    <Filter Include="GameEngine\Components\Combat">
      <UniqueIdentifier>{80f5d944-d89b-4742-8da0-8d44fa5dddfe}</UniqueIdentifier>
    </Filter>
  </ItemGroup>
  <ItemGroup>
    <ClCompile Include="..\Source\Core\Engine.cpp">
      <Filter>Core</Filter>
    </ClCompile>
    <ClCompile Include="..\Source\Core\World.cpp">
      <Filter>Core</Filter>
    </ClCompile>
    <ClCompile Include="..\Source\include\gl.cpp">
      <Filter>include</Filter>
    </ClCompile>
    <ClCompile Include="..\Source\Core\Window\WindowObject.cpp">
      <Filter>Core\Window</Filter>
    </ClCompile>
    <ClCompile Include="..\Source\Core\GPU\Shader.cpp">
      <Filter>Core\GPU</Filter>
    </ClCompile>
    <ClCompile Include="..\Source\Main.cpp" />
    <ClCompile Include="..\Source\Core\Window\WindowCallbacks.cpp">
      <Filter>Core\Window</Filter>
    </ClCompile>
    <ClCompile Include="..\Source\Core\GPU\Mesh.cpp">
      <Filter>Core\GPU</Filter>
    </ClCompile>
    <ClCompile Include="..\Source\Core\GPU\Texture2D.cpp">
      <Filter>Core\GPU</Filter>
    </ClCompile>
    <ClCompile Include="..\Source\Core\Managers\TextureManager.cpp">
      <Filter>Core\Managers</Filter>
    </ClCompile>
    <ClCompile Include="..\Source\Component\CameraInput.cpp">
      <Filter>Component</Filter>
    </ClCompile>
    <ClCompile Include="..\Source\Core\Window\InputController.cpp">
      <Filter>Core\Window</Filter>
    </ClCompile>
    <ClCompile Include="..\Source\Component\SimpleScene.cpp">
      <Filter>Component</Filter>
    </ClCompile>
    <ClCompile Include="..\Source\Core\GPU\GPUBuffers.cpp">
      <Filter>Core\GPU</Filter>
    </ClCompile>
    <ClCompile Include="..\Source\Component\SceneInput.cpp">
      <Filter>Component</Filter>
    </ClCompile>
    <ClCompile Include="..\Source\Core\GPU\FrameBuffer.cpp">
      <Filter>Core\GPU</Filter>
    </ClCompile>
    <ClCompile Include="..\Source\GameEngine\GameEngine.cpp">
      <Filter>GameEngine</Filter>
    </ClCompile>
    <ClCompile Include="..\Source\GameEngine\Components\GameObject\GameObject.cpp">
      <Filter>GameEngine\Components\GameObject</Filter>
    </ClCompile>
    <ClCompile Include="..\Source\GameEngine\EngineManager.cpp">
      <Filter>GameEngine</Filter>
    </ClCompile>
    <ClCompile Include="..\Source\GameEngine\Components\AnimObject\AnimObject.cpp">
      <Filter>GameEngine\Components\AnimObject</Filter>
    </ClCompile>
    <ClCompile Include="..\Source\GameEngine\Components\BaseComponents\GraphicsComponent.cpp">
      <Filter>GameEngine\Components\BaseComponents</Filter>
    </ClCompile>
    <ClCompile Include="..\Source\GameEngine\Components\Renderers\DefaultRenderer.cpp">
      <Filter>GameEngine\Components\Renderers</Filter>
    </ClCompile>
    <ClCompile Include="..\Source\GameEngine\Components\BaseComponents\BaseGameObject.cpp">
      <Filter>GameEngine\Components\BaseComponents</Filter>
    </ClCompile>
    <ClCompile Include="..\Source\GameEngine\Components\Renderers\Bone.cpp">
      <Filter>GameEngine\Components\Renderers</Filter>
    </ClCompile>
    <ClCompile Include="..\Source\GameEngine\Components\Renderers\Model.cpp">
      <Filter>GameEngine\Components\Renderers</Filter>
    </ClCompile>
    <ClCompile Include="..\Source\GameEngine\Components\Renderers\Animation.cpp">
      <Filter>GameEngine\Components\Renderers</Filter>
    </ClCompile>
    <ClCompile Include="..\Source\GameEngine\Components\Renderers\AnimationRenderer.cpp">
      <Filter>GameEngine\Components\Renderers</Filter>
    </ClCompile>
    <ClCompile Include="..\Source\GameEngine\ImGUI\imgui_demo.cpp">
      <Filter>GameEngine\ImGUI</Filter>
    </ClCompile>
    <ClCompile Include="..\Source\GameEngine\ImGUI\imgui_draw.cpp">
      <Filter>GameEngine\ImGUI</Filter>
    </ClCompile>
    <ClCompile Include="..\Source\GameEngine\ImGUI\imgui_impl_glfw.cpp">
      <Filter>GameEngine\ImGUI</Filter>
    </ClCompile>
    <ClCompile Include="..\Source\GameEngine\ImGUI\imgui_impl_opengl3.cpp">
      <Filter>GameEngine\ImGUI</Filter>
    </ClCompile>
    <ClCompile Include="..\Source\GameEngine\ImGUI\imgui_widgets.cpp">
      <Filter>GameEngine\ImGUI</Filter>
    </ClCompile>
    <ClCompile Include="..\Source\GameEngine\ImGUI\imgui.cpp">
      <Filter>GameEngine\ImGUI</Filter>
    </ClCompile>
    <ClCompile Include="..\Source\GameEngine\RenderPasses\DefaultRenderPass.cpp">
      <Filter>GameEngine\RenderPasses</Filter>
    </ClCompile>
    <ClCompile Include="..\Source\GameEngine\RenderPasses\ShadowMapPass.cpp">
      <Filter>GameEngine\RenderPasses</Filter>
    </ClCompile>
    <ClCompile Include="..\Source\GameEngine\SceneRenderers\ShadowMapSceneRenderer.cpp">
      <Filter>GameEngine\SceneRenderers</Filter>
    </ClCompile>
    <ClCompile Include="..\Source\GameEngine\Utils\ComponentFactory.cpp">
      <Filter>GameEngine\Utils</Filter>
    </ClCompile>
    <ClCompile Include="..\Source\GameEngine\Physics\PhysicsEngine.cpp">
      <Filter>GameEngine\Physics</Filter>
    </ClCompile>
    <ClCompile Include="..\Source\GameEngine\Components\BaseComponents\RigidBodyComponent.cpp">
      <Filter>GameEngine\Components\BaseComponents</Filter>
    </ClCompile>
    <ClCompile Include="..\Source\GameEngine\Components\AnimObject\AnimObjectGameComponent.cpp">
      <Filter>GameEngine\Components\AnimObject</Filter>
    </ClCompile>
    <ClCompile Include="..\Source\GameEngine\Components\GameObject\GameObjectGameComponent.cpp">
      <Filter>GameEngine\Components\GameObject</Filter>
    </ClCompile>
    <ClCompile Include="..\Source\GameEngine\RenderPasses\CubeShadowMapPass.cpp">
      <Filter>GameEngine\RenderPasses</Filter>
    </ClCompile>
    <ClCompile Include="..\Source\GameEngine\Components\Renderers\PointShadowRenderer.cpp">
      <Filter>GameEngine\Components\Renderers</Filter>
    </ClCompile>
    <ClCompile Include="..\Source\GameEngine\Utils\ShaderCache.cpp">
      <Filter>GameEngine\Utils</Filter>
    </ClCompile>
    <ClCompile Include="..\Source\GameEngine\Components\BaseComponents\PointLightComponent.cpp">
      <Filter>GameEngine\Components\BaseComponents</Filter>
    </ClCompile>
    <ClCompile Include="..\Source\GameEngine\Components\Arrow\ArrowComponent.cpp">
      <Filter>GameEngine\Components\Arrow</Filter>
    </ClCompile>
    <ClCompile Include="..\Source\GameEngine\Components\Arrow\ArrowSpawner.cpp">
      <Filter>GameEngine\Components\Arrow</Filter>
    </ClCompile>
    <ClCompile Include="..\Source\GameEngine\MapGenerator\GeneratorManager.cpp">
      <Filter>GameEngine\MapGenerator</Filter>
    </ClCompile>
    <ClCompile Include="..\Source\GameEngine\MapGenerator\Generator.cpp">
      <Filter>GameEngine\MapGenerator</Filter>
    </ClCompile>
    <ClCompile Include="..\Source\GameEngine\Utils\Delaunay\edge.cpp">
      <Filter>GameEngine\Utils\Delaunay</Filter>
    </ClCompile>
    <ClCompile Include="..\Source\GameEngine\Utils\Delaunay\numeric.cpp">
      <Filter>GameEngine\Utils\Delaunay</Filter>
    </ClCompile>
    <ClCompile Include="..\Source\GameEngine\Utils\Delaunay\triangle.cpp">
      <Filter>GameEngine\Utils\Delaunay</Filter>
    </ClCompile>
    <ClCompile Include="..\Source\GameEngine\Utils\Delaunay\vector2.cpp">
      <Filter>GameEngine\Utils\Delaunay</Filter>
    </ClCompile>
    <ClCompile Include="..\Source\GameEngine\Utils\Delaunay\delaunay.cpp">
      <Filter>GameEngine\Utils\Delaunay</Filter>
    </ClCompile>
    <ClCompile Include="..\Source\GameEngine\Components\Renderers\GameRenderers\TextureRenderer.cpp">
      <Filter>GameEngine\Components\Renderers\GameRenderers</Filter>
    </ClCompile>
    <ClCompile Include="..\Source\GameEngine\Utils\MeshManager.cpp">
      <Filter>GameEngine\Utils</Filter>
    </ClCompile>
    <ClCompile Include="..\Source\GameEngine\Components\NPC\NPCMovementComponent.cpp">
      <Filter>GameEngine\Components\NPC</Filter>
    </ClCompile>
    <ClCompile Include="..\Source\GameEngine\Components\NPC\NPCSpawner.cpp">
      <Filter>GameEngine\Components\NPC</Filter>
    </ClCompile>
    <ClCompile Include="..\Source\GameEngine\Components\AnimObject\PlayerMovementGameComponent.cpp">
      <Filter>GameEngine\Components\AnimObject</Filter>
    </ClCompile>
    <ClCompile Include="..\Source\GameEngine\Components\Combat\CombatComponent.cpp">
      <Filter>GameEngine\Components\Combat</Filter>
    </ClCompile>
    <ClCompile Include="..\Source\Core\GPU\MeshInstanced.cpp">
      <Filter>Core\GPU</Filter>
    </ClCompile>
  </ItemGroup>
  <ItemGroup>
    <ClInclude Include="..\Source\Core\World.h">
      <Filter>Core</Filter>
    </ClInclude>
    <ClInclude Include="..\Source\Core\Engine.h">
      <Filter>Core</Filter>
    </ClInclude>
    <ClInclude Include="..\Source\include\gl.h">
      <Filter>include</Filter>
    </ClInclude>
    <ClInclude Include="..\Source\include\glm.h">
      <Filter>include</Filter>
    </ClInclude>
    <ClInclude Include="..\Source\include\math.h">
      <Filter>include</Filter>
    </ClInclude>
    <ClInclude Include="..\Source\include\utils.h">
      <Filter>include</Filter>
    </ClInclude>
    <ClInclude Include="..\Source\Core\Window\WindowObject.h">
      <Filter>Core\Window</Filter>
    </ClInclude>
    <ClInclude Include="..\Source\Core\GPU\Shader.h">
      <Filter>Core\GPU</Filter>
    </ClInclude>
    <ClInclude Include="..\Source\Core\Window\WindowCallbacks.h">
      <Filter>Core\Window</Filter>
    </ClInclude>
    <ClInclude Include="..\Source\Core\GPU\Mesh.h">
      <Filter>Core\GPU</Filter>
    </ClInclude>
    <ClInclude Include="..\Source\Core\GPU\Texture2D.h">
      <Filter>Core\GPU</Filter>
    </ClInclude>
    <ClInclude Include="..\Source\Core\Managers\ResourcePath.h">
      <Filter>Core\Managers</Filter>
    </ClInclude>
    <ClInclude Include="..\Source\Core\Managers\TextureManager.h">
      <Filter>Core\Managers</Filter>
    </ClInclude>
    <ClInclude Include="..\Source\Component\CameraInput.h">
      <Filter>Component</Filter>
    </ClInclude>
    <ClInclude Include="..\Source\Core\Window\InputController.h">
      <Filter>Core\Window</Filter>
    </ClInclude>
    <ClInclude Include="..\Source\Component\SimpleScene.h">
      <Filter>Component</Filter>
    </ClInclude>
    <ClInclude Include="..\Source\Core\GPU\GPUBuffers.h">
      <Filter>Core\GPU</Filter>
    </ClInclude>
    <ClInclude Include="..\Source\Component\SceneInput.h">
      <Filter>Component</Filter>
    </ClInclude>
    <ClInclude Include="..\Source\Core\GPU\SSBO.h">
      <Filter>Core\GPU</Filter>
    </ClInclude>
    <ClInclude Include="..\Source\Core\GPU\FrameBuffer.h">
      <Filter>Core\GPU</Filter>
    </ClInclude>
    <ClInclude Include="..\Source\Core\GPU\ParticleEffect.h">
      <Filter>Core\GPU</Filter>
    </ClInclude>
    <ClInclude Include="..\Source\GameEngine\Components\GameObject\GameObject.h">
      <Filter>GameEngine\Components\GameObject</Filter>
    </ClInclude>
    <ClInclude Include="..\Source\GameEngine\Components\BaseComponents\GraphicsComponent.h">
      <Filter>GameEngine\Components\BaseComponents</Filter>
    </ClInclude>
    <ClInclude Include="..\Source\GameEngine\GameEngine.h">
      <Filter>GameEngine</Filter>
    </ClInclude>
    <ClInclude Include="..\Source\GameEngine\IncludeList.h">
      <Filter>GameEngine</Filter>
    </ClInclude>
    <ClInclude Include="..\Source\GameEngine\Components\ComponentsIncludeList.h">
      <Filter>GameEngine\Components</Filter>
    </ClInclude>
    <ClInclude Include="..\Source\GameEngine\Components\BaseComponents\BaseGameObject.h">
      <Filter>GameEngine\Components\BaseComponents</Filter>
    </ClInclude>
    <ClInclude Include="..\Source\GameEngine\EngineManager.h">
      <Filter>GameEngine</Filter>
    </ClInclude>
    <ClInclude Include="..\Source\GameEngine\Utils\AnimationInfo.h">
      <Filter>GameEngine\Utils</Filter>
    </ClInclude>
    <ClInclude Include="..\Source\GameEngine\Components\AnimObject\AnimObject.h">
      <Filter>GameEngine\Components\AnimObject</Filter>
    </ClInclude>
    <ClInclude Include="..\Source\GameEngine\Components\Renderers\DefaultRenderer.h">
      <Filter>GameEngine\Components\Renderers</Filter>
    </ClInclude>
    <ClInclude Include="..\Source\GameEngine\Components\Renderers\Bone.h">
      <Filter>GameEngine\Components\Renderers</Filter>
    </ClInclude>
    <ClInclude Include="..\Source\GameEngine\Components\Renderers\Model.h">
      <Filter>GameEngine\Components\Renderers</Filter>
    </ClInclude>
    <ClInclude Include="..\Source\GameEngine\Components\Renderers\Animation.h">
      <Filter>GameEngine\Components\Renderers</Filter>
    </ClInclude>
    <ClInclude Include="..\Source\GameEngine\Components\Renderers\AnimationRenderer.h">
      <Filter>GameEngine\Components\Renderers</Filter>
    </ClInclude>
    <ClInclude Include="..\Source\GameEngine\ImGUI\imgui_impl_glfw.h">
      <Filter>GameEngine\ImGUI</Filter>
    </ClInclude>
    <ClInclude Include="..\Source\GameEngine\ImGUI\imgui_impl_opengl3.h">
      <Filter>GameEngine\ImGUI</Filter>
    </ClInclude>
    <ClInclude Include="..\Source\GameEngine\ImGUI\imgui_internal.h">
      <Filter>GameEngine\ImGUI</Filter>
    </ClInclude>
    <ClInclude Include="..\Source\GameEngine\ImGUI\imstb_rectpack.h">
      <Filter>GameEngine\ImGUI</Filter>
    </ClInclude>
    <ClInclude Include="..\Source\GameEngine\ImGUI\imstb_textedit.h">
      <Filter>GameEngine\ImGUI</Filter>
    </ClInclude>
    <ClInclude Include="..\Source\GameEngine\ImGUI\imstb_truetype.h">
      <Filter>GameEngine\ImGUI</Filter>
    </ClInclude>
    <ClInclude Include="..\Source\GameEngine\ImGUI\imconfig.h">
      <Filter>GameEngine\ImGUI</Filter>
    </ClInclude>
    <ClInclude Include="..\Source\GameEngine\ImGUI\imgui.h">
      <Filter>GameEngine\ImGUI</Filter>
    </ClInclude>
    <ClInclude Include="..\Source\GameEngine\RenderPasses\DefaultRenderPass.h">
      <Filter>GameEngine\RenderPasses</Filter>
    </ClInclude>
    <ClInclude Include="..\Source\GameEngine\RenderPasses\ShadowMapPass.h">
      <Filter>GameEngine\RenderPasses</Filter>
    </ClInclude>
    <ClInclude Include="..\Source\GameEngine\SceneRenderers\ShadowMapSceneRenderer.h">
      <Filter>GameEngine\SceneRenderers</Filter>
    </ClInclude>
    <ClInclude Include="..\Source\GameEngine\Utils\ComponentFactory.h">
      <Filter>GameEngine\Utils</Filter>
    </ClInclude>
    <ClInclude Include="..\Source\GameEngine\Components\BaseComponents\BaseComponent.h">
      <Filter>GameEngine\Components\BaseComponents</Filter>
    </ClInclude>
    <ClInclude Include="..\Source\GameEngine\Physics\PhysicsEngine.h">
      <Filter>GameEngine\Physics</Filter>
    </ClInclude>
    <ClInclude Include="..\Source\GameEngine\Utils\PhysicsManager.h">
      <Filter>GameEngine\Utils</Filter>
    </ClInclude>
    <ClInclude Include="..\Source\GameEngine\Components\BaseComponents\RigidBodyComponent.h">
      <Filter>GameEngine\Components\BaseComponents</Filter>
    </ClInclude>
    <ClInclude Include="..\Source\GameEngine\Utils\ComponentTransform.h">
      <Filter>GameEngine\Utils</Filter>
    </ClInclude>
    <ClInclude Include="..\Source\GameEngine\Components\AnimObject\AnimObjectGameComponent.h">
      <Filter>GameEngine\Components\AnimObject</Filter>
    </ClInclude>
    <ClInclude Include="..\Source\GameEngine\Components\GameObject\GameObjectGameComponent.h">
      <Filter>GameEngine\Components\GameObject</Filter>
    </ClInclude>
    <ClInclude Include="..\Source\GameEngine\Utils\DebugDraw.h">
      <Filter>GameEngine\Utils</Filter>
    </ClInclude>
    <ClInclude Include="..\Source\GameEngine\RenderPasses\RenderPass.h">
      <Filter>GameEngine\RenderPasses</Filter>
    </ClInclude>
    <ClInclude Include="..\Source\GameEngine\RenderPasses\CubeShadowMapPass.h">
      <Filter>GameEngine\RenderPasses</Filter>
    </ClInclude>
    <ClInclude Include="..\Source\GameEngine\Components\Renderers\PointShadowRenderer.h">
      <Filter>GameEngine\Components\Renderers</Filter>
    </ClInclude>
    <ClInclude Include="..\Source\GameEngine\Utils\ShaderCache.h">
      <Filter>GameEngine\Utils</Filter>
    </ClInclude>
    <ClInclude Include="..\Source\GameEngine\Components\BaseComponents\PointLightComponent.h">
      <Filter>GameEngine\Components\BaseComponents</Filter>
    </ClInclude>
    <ClInclude Include="..\Source\GameEngine\Components\Arrow\ArrowComponent.h">
      <Filter>GameEngine\Components\Arrow</Filter>
    </ClInclude>
    <ClInclude Include="..\Source\GameEngine\Components\Arrow\ArrowSpawner.h">
      <Filter>GameEngine\Components\Arrow</Filter>
    </ClInclude>
    <ClInclude Include="..\Source\GameEngine\MapGenerator\GeneratorManager.h">
      <Filter>GameEngine\MapGenerator</Filter>
    </ClInclude>
    <ClInclude Include="..\Source\GameEngine\MapGenerator\Generator.h">
      <Filter>GameEngine\MapGenerator</Filter>
    </ClInclude>
    <ClInclude Include="..\Source\GameEngine\Utils\AStarAlgorithm.h">
      <Filter>GameEngine\Utils</Filter>
    </ClInclude>
    <ClInclude Include="..\Source\GameEngine\Utils\MSTAlgorithm.h">
      <Filter>GameEngine\Utils</Filter>
    </ClInclude>
    <ClInclude Include="..\Source\GameEngine\Utils\Delaunay\delaunay.h">
      <Filter>GameEngine\Utils\Delaunay</Filter>
    </ClInclude>
    <ClInclude Include="..\Source\GameEngine\Utils\Delaunay\edge.h">
      <Filter>GameEngine\Utils\Delaunay</Filter>
    </ClInclude>
    <ClInclude Include="..\Source\GameEngine\Utils\Delaunay\numeric.h">
      <Filter>GameEngine\Utils\Delaunay</Filter>
    </ClInclude>
    <ClInclude Include="..\Source\GameEngine\Utils\Delaunay\triangle.h">
      <Filter>GameEngine\Utils\Delaunay</Filter>
    </ClInclude>
    <ClInclude Include="..\Source\GameEngine\Utils\Delaunay\vector2.h">
      <Filter>GameEngine\Utils\Delaunay</Filter>
    </ClInclude>
    <ClInclude Include="..\Source\GameEngine\Components\Renderers\GameRenderers\TextureRenderer.h">
      <Filter>GameEngine\Components\Renderers\GameRenderers</Filter>
    </ClInclude>
    <ClInclude Include="..\Source\GameEngine\Utils\MeshManager.h">
      <Filter>GameEngine\Utils</Filter>
    </ClInclude>
    <ClInclude Include="..\Source\GameEngine\Components\NPC\NPCMovementComponent.h">
      <Filter>GameEngine\Components\NPC</Filter>
    </ClInclude>
    <ClInclude Include="..\Source\GameEngine\Components\NPC\NPCSpawner.h">
      <Filter>GameEngine\Components\NPC</Filter>
    </ClInclude>
    <ClInclude Include="..\Source\GameEngine\Components\AnimObject\PlayerMovementGameComponent.h">
      <Filter>GameEngine\Components\AnimObject</Filter>
    </ClInclude>
    <ClInclude Include="..\Source\GameEngine\Components\Combat\CombatComponent.h">
      <Filter>GameEngine\Components\Combat</Filter>
    </ClInclude>
    <ClInclude Include="..\Source\Core\GPU\MeshInstanced.h">
      <Filter>Core\GPU</Filter>
    </ClInclude>
  </ItemGroup>
  <ItemGroup>
    <None Include="..\Source\GameEngine\Shaders\FragmentShaderDefault.glsl">
      <Filter>GameEngine\Shaders</Filter>
    </None>
    <None Include="..\Source\GameEngine\Shaders\VertexShaderAnim.glsl">
      <Filter>GameEngine\Shaders</Filter>
    </None>
    <None Include="..\Source\GameEngine\Shaders\VertexShaderDefault.glsl">
      <Filter>GameEngine\Shaders</Filter>
    </None>
    <None Include="..\Source\GameEngine\Shaders\FragmentShaderAnim.glsl">
      <Filter>GameEngine\Shaders</Filter>
    </None>
    <None Include="..\Source\GameEngine\Shaders\FragmentShaderPointShadows.glsl">
      <Filter>GameEngine\Shaders</Filter>
    </None>
    <None Include="..\Source\GameEngine\Shaders\GeometryShaderPointShadows.glsl">
      <Filter>GameEngine\Shaders</Filter>
    </None>
    <None Include="..\Source\GameEngine\Shaders\VertexShaderPointShadows.glsl">
      <Filter>GameEngine\Shaders</Filter>
    </None>
    <None Include="..\Source\GameEngine\Shaders\FragmentShaderLighting.glsl">
      <Filter>GameEngine\Shaders</Filter>
    </None>
    <None Include="..\Source\GameEngine\Shaders\VertexShaderLighting.glsl">
      <Filter>GameEngine\Shaders</Filter>
    </None>
    <None Include="..\Source\GameEngine\Shaders\VertexShaderPointShadowsAnim.glsl">
      <Filter>GameEngine\Shaders</Filter>
    </None>
    <None Include="..\Source\GameEngine\Shaders\FragmentShaderDebug.glsl">
      <Filter>GameEngine\Shaders</Filter>
    </None>
    <None Include="..\Source\GameEngine\Shaders\SkyBox.glsl">
      <Filter>GameEngine\Shaders</Filter>
    </None>
    <None Include="..\Source\GameEngine\Shaders\FragmentShaderHallway.glsl">
      <Filter>GameEngine\Shaders</Filter>
    </None>
    <None Include="..\Source\GameEngine\Shaders\FragmentShaderRoom.glsl">
      <Filter>GameEngine\Shaders</Filter>
    </None>
    <None Include="..\Source\GameEngine\Shaders\FragmentShaderMeshTexture.glsl">
      <Filter>GameEngine\Shaders</Filter>
    </None>
    <None Include="..\Source\GameEngine\Shaders\FragmentShaderDungeon.glsl">
      <Filter>GameEngine\Shaders</Filter>
    </None>
    <None Include="..\Source\GameEngine\Shaders\VertexShaderSkybox.glsl">
      <Filter>GameEngine\Shaders</Filter>
    </None>
    <None Include="..\Source\GameEngine\Shaders\VertexShaderDungeon.glsl">
      <Filter>GameEngine\Shaders</Filter>
    </None>
  </ItemGroup>
  <ItemGroup>
    <Text Include="..\Source\GameEngine\ImGUI\LICENSE.txt">
      <Filter>GameEngine\ImGUI</Filter>
    </Text>
  </ItemGroup>
</Project>